
Microsoft Visual Studio Solution File, Format Version 12.00
# Visual Studio 15
VisualStudioVersion = 15.0.27703.2000
MinimumVisualStudioVersion = 10.0.40219.1
Project("{9A19103F-16F7-4668-BE54-9A1E7A4F7556}") = "CMSCore.Content.Models", "CMSCore.Content.Models\CMSCore.Content.Models.csproj", "{21473EE6-15EF-4D9A-BBBE-7C28F7F97B3C}"
EndProject
Project("{9A19103F-16F7-4668-BE54-9A1E7A4F7556}") = "CMSCore.Content.Data", "CMSCore.Content.Data\CMSCore.Content.Data.csproj", "{7081B62C-909C-438F-A5FF-2C9099A0FDC6}"
EndProject
Project("{9A19103F-16F7-4668-BE54-9A1E7A4F7556}") = "CMSCore.Content.ViewModels", "CMSCore.Content.ViewModels\CMSCore.Content.ViewModels.csproj", "{EB791DB6-8FDB-4BCD-88AE-68FA62C5D926}"
EndProject
Project("{2150E333-8FDC-42A3-9474-1A3956D46DE8}") = "Tests", "Tests", "{46039532-9064-4028-9CCB-E33555FF7E94}"
EndProject
Project("{9A19103F-16F7-4668-BE54-9A1E7A4F7556}") = "CMSCore.Content.Repository", "CMSCore.Content.Repository\CMSCore.Content.Repository.csproj", "{286E76C7-B16E-499E-8C54-1B50C2E19C34}"
EndProject
Project("{9A19103F-16F7-4668-BE54-9A1E7A4F7556}") = "CMSCore.Content.IntegrationTests", "Tests\CMSCore.Content.IntegrationTests\CMSCore.Content.IntegrationTests.csproj", "{4FB8BDF5-3252-4421-9828-65A243F5FBC0}"
EndProject
Project("{2150E333-8FDC-42A3-9474-1A3956D46DE8}") = "Grains", "Grains", "{DB4F49B9-D093-4E96-9C0A-41A2E76E1DF2}"
EndProject
Project("{2150E333-8FDC-42A3-9474-1A3956D46DE8}") = "Silos", "Silos", "{C771B690-B68B-4081-BB98-21224E39AF8C}"
EndProject
Project("{2150E333-8FDC-42A3-9474-1A3956D46DE8}") = "Interfaces", "Interfaces", "{0F2503D0-44F5-4729-8B1A-3EE8E01D16DC}"
EndProject
Project("{9A19103F-16F7-4668-BE54-9A1E7A4F7556}") = "CMSCore.Content.Grains", "CMSCore.Content.Grains\CMSCore.Content.Grains.csproj", "{7281AAED-8E0B-49CD-9C1B-DA4F2C2C1F12}"
EndProject
Project("{9A19103F-16F7-4668-BE54-9A1E7A4F7556}") = "CMSCore.Content.GrainInterfaces", "CMSCore.Content.GrainInterfaces\CMSCore.Content.GrainInterfaces.csproj", "{51CEDEB3-909A-4F2E-9AD6-C0B42C952656}"
EndProject
Project("{FAE04EC0-301F-11D3-BF4B-00C04F79EFBC}") = "CMSCore.Content.Silo", "CMSCore.Content.Silo\CMSCore.Content.Silo.csproj", "{FDD32F38-6614-4DBB-90AD-BAB408F07327}"
EndProject
Global
	GlobalSection(SolutionConfigurationPlatforms) = preSolution
		Debug|Any CPU = Debug|Any CPU
		Release|Any CPU = Release|Any CPU
	EndGlobalSection
	GlobalSection(ProjectConfigurationPlatforms) = postSolution
		{21473EE6-15EF-4D9A-BBBE-7C28F7F97B3C}.Debug|Any CPU.ActiveCfg = Debug|Any CPU
		{21473EE6-15EF-4D9A-BBBE-7C28F7F97B3C}.Debug|Any CPU.Build.0 = Debug|Any CPU
		{21473EE6-15EF-4D9A-BBBE-7C28F7F97B3C}.Release|Any CPU.ActiveCfg = Release|Any CPU
		{21473EE6-15EF-4D9A-BBBE-7C28F7F97B3C}.Release|Any CPU.Build.0 = Release|Any CPU
		{7081B62C-909C-438F-A5FF-2C9099A0FDC6}.Debug|Any CPU.ActiveCfg = Debug|Any CPU
		{7081B62C-909C-438F-A5FF-2C9099A0FDC6}.Debug|Any CPU.Build.0 = Debug|Any CPU
		{7081B62C-909C-438F-A5FF-2C9099A0FDC6}.Release|Any CPU.ActiveCfg = Release|Any CPU
		{7081B62C-909C-438F-A5FF-2C9099A0FDC6}.Release|Any CPU.Build.0 = Release|Any CPU
		{EB791DB6-8FDB-4BCD-88AE-68FA62C5D926}.Debug|Any CPU.ActiveCfg = Debug|Any CPU
		{EB791DB6-8FDB-4BCD-88AE-68FA62C5D926}.Debug|Any CPU.Build.0 = Debug|Any CPU
		{EB791DB6-8FDB-4BCD-88AE-68FA62C5D926}.Release|Any CPU.ActiveCfg = Release|Any CPU
		{EB791DB6-8FDB-4BCD-88AE-68FA62C5D926}.Release|Any CPU.Build.0 = Release|Any CPU
		{286E76C7-B16E-499E-8C54-1B50C2E19C34}.Debug|Any CPU.ActiveCfg = Debug|Any CPU
		{286E76C7-B16E-499E-8C54-1B50C2E19C34}.Debug|Any CPU.Build.0 = Debug|Any CPU
		{286E76C7-B16E-499E-8C54-1B50C2E19C34}.Release|Any CPU.ActiveCfg = Release|Any CPU
		{286E76C7-B16E-499E-8C54-1B50C2E19C34}.Release|Any CPU.Build.0 = Release|Any CPU
		{4FB8BDF5-3252-4421-9828-65A243F5FBC0}.Debug|Any CPU.ActiveCfg = Debug|Any CPU
		{4FB8BDF5-3252-4421-9828-65A243F5FBC0}.Debug|Any CPU.Build.0 = Debug|Any CPU
		{4FB8BDF5-3252-4421-9828-65A243F5FBC0}.Release|Any CPU.ActiveCfg = Release|Any CPU
		{4FB8BDF5-3252-4421-9828-65A243F5FBC0}.Release|Any CPU.Build.0 = Release|Any CPU
		{7281AAED-8E0B-49CD-9C1B-DA4F2C2C1F12}.Debug|Any CPU.ActiveCfg = Debug|Any CPU
		{7281AAED-8E0B-49CD-9C1B-DA4F2C2C1F12}.Debug|Any CPU.Build.0 = Debug|Any CPU
		{7281AAED-8E0B-49CD-9C1B-DA4F2C2C1F12}.Release|Any CPU.ActiveCfg = Release|Any CPU
		{7281AAED-8E0B-49CD-9C1B-DA4F2C2C1F12}.Release|Any CPU.Build.0 = Release|Any CPU
		{51CEDEB3-909A-4F2E-9AD6-C0B42C952656}.Debug|Any CPU.ActiveCfg = Debug|Any CPU
		{51CEDEB3-909A-4F2E-9AD6-C0B42C952656}.Debug|Any CPU.Build.0 = Debug|Any CPU
		{51CEDEB3-909A-4F2E-9AD6-C0B42C952656}.Release|Any CPU.ActiveCfg = Release|Any CPU
		{51CEDEB3-909A-4F2E-9AD6-C0B42C952656}.Release|Any CPU.Build.0 = Release|Any CPU
		{FDD32F38-6614-4DBB-90AD-BAB408F07327}.Debug|Any CPU.ActiveCfg = Debug|Any CPU
		{FDD32F38-6614-4DBB-90AD-BAB408F07327}.Debug|Any CPU.Build.0 = Debug|Any CPU
		{FDD32F38-6614-4DBB-90AD-BAB408F07327}.Release|Any CPU.ActiveCfg = Release|Any CPU
		{FDD32F38-6614-4DBB-90AD-BAB408F07327}.Release|Any CPU.Build.0 = Release|Any CPU
	EndGlobalSection
	GlobalSection(SolutionProperties) = preSolution
		HideSolutionNode = FALSE
	EndGlobalSection
	GlobalSection(NestedProjects) = preSolution
		{4FB8BDF5-3252-4421-9828-65A243F5FBC0} = {46039532-9064-4028-9CCB-E33555FF7E94}
		{7281AAED-8E0B-49CD-9C1B-DA4F2C2C1F12} = {DB4F49B9-D093-4E96-9C0A-41A2E76E1DF2}
		{51CEDEB3-909A-4F2E-9AD6-C0B42C952656} = {0F2503D0-44F5-4729-8B1A-3EE8E01D16DC}
		{FDD32F38-6614-4DBB-90AD-BAB408F07327} = {C771B690-B68B-4081-BB98-21224E39AF8C}
	EndGlobalSection
	GlobalSection(ExtensibilityGlobals) = postSolution
		SolutionGuid = {57D01A70-8D36-41DC-A508-564F27323377}
	EndGlobalSection
EndGlobal
